{
  "name": "test-app",
  "version": "1.0.0",
  "lockfileVersion": 3,
  "requires": true,
  "packages": {
    "": {
      "name": "test-app",
      "version": "1.0.0",
      "license": "ISC",
      "dependencies": {
        "@jitsi/rnnoise-wasm": "^0.2.1"
      }
    },
    "node_modules/@jitsi/rnnoise-wasm": {
      "version": "0.2.1",
      "resolved": "https://registry.npmjs.org/@jitsi/rnnoise-wasm/-/rnnoise-wasm-0.2.1.tgz",
      "integrity": "sha512-iEj77www43pS2Yq+cfLZb+hFuI7L5ccisBzzPMcOjjLsG4/LAlkD1CY58/8gc84nHdLBGmD/OPIWGnvYnXvB0A=="
    }
  }
}
